
Microsoft Visual Studio Solution File, Format Version 12.00
# Visual Studio Version 16
VisualStudioVersion = 16.0.29806.167
MinimumVisualStudioVersion = 15.0.26124.0
Project("{FAE04EC0-301F-11D3-BF4B-00C04F79EFBC}") = "ClickBusAPI.Tests", "src\ClickBusAPI.Tests\ClickBusAPI.Tests.csproj", "{07F03955-368B-4884-B875-D3756825675C}"
EndProject
Project("{2150E333-8FDC-42A3-9474-1A3956D46DE8}") = "src", "src", "{46CE04B1-976D-455B-9550-62A00192034A}"
EndProject
Project("{FAE04EC0-301F-11D3-BF4B-00C04F79EFBC}") = "ClickBusApi.Model", "src\ClickBusApi.Model\ClickBusApi.Model.csproj", "{AF6B950A-EC19-4DA5-9A45-1AA906A99FE0}"
EndProject
Global
	GlobalSection(SolutionConfigurationPlatforms) = preSolution
		Debug|Any CPU = Debug|Any CPU
		Debug|x64 = Debug|x64
		Debug|x86 = Debug|x86
		Release|Any CPU = Release|Any CPU
		Release|x64 = Release|x64
		Release|x86 = Release|x86
	EndGlobalSection
	GlobalSection(ProjectConfigurationPlatforms) = postSolution
		{07F03955-368B-4884-B875-D3756825675C}.Debug|Any CPU.ActiveCfg = Debug|Any CPU
		{07F03955-368B-4884-B875-D3756825675C}.Debug|Any CPU.Build.0 = Debug|Any CPU
		{07F03955-368B-4884-B875-D3756825675C}.Debug|x64.ActiveCfg = Debug|Any CPU
		{07F03955-368B-4884-B875-D3756825675C}.Debug|x64.Build.0 = Debug|Any CPU
		{07F03955-368B-4884-B875-D3756825675C}.Debug|x86.ActiveCfg = Debug|Any CPU
		{07F03955-368B-4884-B875-D3756825675C}.Debug|x86.Build.0 = Debug|Any CPU
		{07F03955-368B-4884-B875-D3756825675C}.Release|Any CPU.ActiveCfg = Release|Any CPU
		{07F03955-368B-4884-B875-D3756825675C}.Release|Any CPU.Build.0 = Release|Any CPU
		{07F03955-368B-4884-B875-D3756825675C}.Release|x64.ActiveCfg = Release|Any CPU
		{07F03955-368B-4884-B875-D3756825675C}.Release|x64.Build.0 = Release|Any CPU
		{07F03955-368B-4884-B875-D3756825675C}.Release|x86.ActiveCfg = Release|Any CPU
		{07F03955-368B-4884-B875-D3756825675C}.Release|x86.Build.0 = Release|Any CPU
		{AF6B950A-EC19-4DA5-9A45-1AA906A99FE0}.Debug|Any CPU.ActiveCfg = Debug|Any CPU
		{AF6B950A-EC19-4DA5-9A45-1AA906A99FE0}.Debug|Any CPU.Build.0 = Debug|Any CPU
		{AF6B950A-EC19-4DA5-9A45-1AA906A99FE0}.Debug|x64.ActiveCfg = Debug|Any CPU
		{AF6B950A-EC19-4DA5-9A45-1AA906A99FE0}.Debug|x64.Build.0 = Debug|Any CPU
		{AF6B950A-EC19-4DA5-9A45-1AA906A99FE0}.Debug|x86.ActiveCfg = Debug|Any CPU
		{AF6B950A-EC19-4DA5-9A45-1AA906A99FE0}.Debug|x86.Build.0 = Debug|Any CPU
		{AF6B950A-EC19-4DA5-9A45-1AA906A99FE0}.Release|Any CPU.ActiveCfg = Release|Any CPU
		{AF6B950A-EC19-4DA5-9A45-1AA906A99FE0}.Release|Any CPU.Build.0 = Release|Any CPU
		{AF6B950A-EC19-4DA5-9A45-1AA906A99FE0}.Release|x64.ActiveCfg = Release|Any CPU
		{AF6B950A-EC19-4DA5-9A45-1AA906A99FE0}.Release|x64.Build.0 = Release|Any CPU
		{AF6B950A-EC19-4DA5-9A45-1AA906A99FE0}.Release|x86.ActiveCfg = Release|Any CPU
		{AF6B950A-EC19-4DA5-9A45-1AA906A99FE0}.Release|x86.Build.0 = Release|Any CPU
	EndGlobalSection
	GlobalSection(SolutionProperties) = preSolution
		HideSolutionNode = FALSE
	EndGlobalSection
	GlobalSection(NestedProjects) = preSolution
		{07F03955-368B-4884-B875-D3756825675C} = {46CE04B1-976D-455B-9550-62A00192034A}
		{AF6B950A-EC19-4DA5-9A45-1AA906A99FE0} = {46CE04B1-976D-455B-9550-62A00192034A}
	EndGlobalSection
	GlobalSection(ExtensibilityGlobals) = postSolution
		SolutionGuid = {73129325-97F5-443C-A03D-975CD63BCA52}
	EndGlobalSection
EndGlobal
